
Microsoft Visual Studio Solution File, Format Version 12.00
# Visual Studio Version 17
VisualStudioVersion = 17.14.36414.22
MinimumVisualStudioVersion = 10.0.40219.1
Project("{FAE04EC0-301F-11D3-BF4B-00C04F79EFBC}") = "Contract_Monthly_Claim_System", "Contract_Monthly_Claim_System\Contract_Monthly_Claim_System.csproj", "{F6B3EE48-D20C-4859-8A93-5B9EFD2E5390}"
EndProject
Global
	GlobalSection(SolutionConfigurationPlatforms) = preSolution
		Debug|Any CPU = Debug|Any CPU
		Release|Any CPU = Release|Any CPU
	EndGlobalSection
	GlobalSection(ProjectConfigurationPlatforms) = postSolution
		{F6B3EE48-D20C-4859-8A93-5B9EFD2E5390}.Debug|Any CPU.ActiveCfg = Debug|Any CPU
		{F6B3EE48-D20C-4859-8A93-5B9EFD2E5390}.Debug|Any CPU.Build.0 = Debug|Any CPU
		{F6B3EE48-D20C-4859-8A93-5B9EFD2E5390}.Release|Any CPU.ActiveCfg = Release|Any CPU
		{F6B3EE48-D20C-4859-8A93-5B9EFD2E5390}.Release|Any CPU.Build.0 = Release|Any CPU
	EndGlobalSection
	GlobalSection(SolutionProperties) = preSolution
		HideSolutionNode = FALSE
	EndGlobalSection
	GlobalSection(ExtensibilityGlobals) = postSolution
		SolutionGuid = {3DF6FC37-E6B2-42A4-A765-3459E052243E}
	EndGlobalSection
EndGlobal
